
Microsoft Visual Studio Solution File, Format Version 12.00
# Visual Studio Version 17
VisualStudioVersion = 17.13.35825.156 d17.13
MinimumVisualStudioVersion = 10.0.40219.1
Project("{FAE04EC0-301F-11D3-BF4B-00C04F79EFBC}") = "StudentPortal.Web", "StudentPortal.Web\StudentPortal.Web.csproj", "{A46A082A-FCC6-48BA-8BB4-2A65F2DE410E}"
EndProject
Global
	GlobalSection(SolutionConfigurationPlatforms) = preSolution
		Debug|Any CPU = Debug|Any CPU
		Release|Any CPU = Release|Any CPU
	EndGlobalSection
	GlobalSection(ProjectConfigurationPlatforms) = postSolution
		{A46A082A-FCC6-48BA-8BB4-2A65F2DE410E}.Debug|Any CPU.ActiveCfg = Debug|Any CPU
		{A46A082A-FCC6-48BA-8BB4-2A65F2DE410E}.Debug|Any CPU.Build.0 = Debug|Any CPU
		{A46A082A-FCC6-48BA-8BB4-2A65F2DE410E}.Release|Any CPU.ActiveCfg = Release|Any CPU
		{A46A082A-FCC6-48BA-8BB4-2A65F2DE410E}.Release|Any CPU.Build.0 = Release|Any CPU
	EndGlobalSection
	GlobalSection(SolutionProperties) = preSolution
		HideSolutionNode = FALSE
	EndGlobalSection
	GlobalSection(ExtensibilityGlobals) = postSolution
		SolutionGuid = {1487077A-2811-4100-A896-6FCE60E8B1CC}
	EndGlobalSection
EndGlobal
