
Microsoft Visual Studio Solution File, Format Version 12.00
# Visual Studio Version 17
VisualStudioVersion = 17.13.35825.156
MinimumVisualStudioVersion = 10.0.40219.1
Project("{FAE04EC0-301F-11D3-BF4B-00C04F79EFBC}") = "API", "API\API.csproj", "{85FA446E-8D74-4F81-A1F6-E5F7E219F9D6}"
EndProject
Project("{FAE04EC0-301F-11D3-BF4B-00C04F79EFBC}") = "DataAccess", "DataAccess\DataAccess.csproj", "{120A1C3A-3E63-4A01-9936-0B0E773B7E55}"
EndProject
Project("{FAE04EC0-301F-11D3-BF4B-00C04F79EFBC}") = "Server", "Server\Server.csproj", "{C628DEA4-E978-4009-BD1F-DC693F124420}"
EndProject
Project("{FAE04EC0-301F-11D3-BF4B-00C04F79EFBC}") = "Client", "Client\Client.csproj", "{130DD64F-9FCC-434F-AB3E-E7EF4B273FCD}"
EndProject
Global
	GlobalSection(SolutionConfigurationPlatforms) = preSolution
		Debug|Any CPU = Debug|Any CPU
		Release|Any CPU = Release|Any CPU
	EndGlobalSection
	GlobalSection(ProjectConfigurationPlatforms) = postSolution
		{85FA446E-8D74-4F81-A1F6-E5F7E219F9D6}.Debug|Any CPU.ActiveCfg = Debug|Any CPU
		{85FA446E-8D74-4F81-A1F6-E5F7E219F9D6}.Debug|Any CPU.Build.0 = Debug|Any CPU
		{85FA446E-8D74-4F81-A1F6-E5F7E219F9D6}.Release|Any CPU.ActiveCfg = Release|Any CPU
		{85FA446E-8D74-4F81-A1F6-E5F7E219F9D6}.Release|Any CPU.Build.0 = Release|Any CPU
		{120A1C3A-3E63-4A01-9936-0B0E773B7E55}.Debug|Any CPU.ActiveCfg = Debug|Any CPU
		{120A1C3A-3E63-4A01-9936-0B0E773B7E55}.Debug|Any CPU.Build.0 = Debug|Any CPU
		{120A1C3A-3E63-4A01-9936-0B0E773B7E55}.Release|Any CPU.ActiveCfg = Release|Any CPU
		{120A1C3A-3E63-4A01-9936-0B0E773B7E55}.Release|Any CPU.Build.0 = Release|Any CPU
		{C628DEA4-E978-4009-BD1F-DC693F124420}.Debug|Any CPU.ActiveCfg = Debug|Any CPU
		{C628DEA4-E978-4009-BD1F-DC693F124420}.Debug|Any CPU.Build.0 = Debug|Any CPU
		{C628DEA4-E978-4009-BD1F-DC693F124420}.Release|Any CPU.ActiveCfg = Release|Any CPU
		{C628DEA4-E978-4009-BD1F-DC693F124420}.Release|Any CPU.Build.0 = Release|Any CPU
		{130DD64F-9FCC-434F-AB3E-E7EF4B273FCD}.Debug|Any CPU.ActiveCfg = Debug|Any CPU
		{130DD64F-9FCC-434F-AB3E-E7EF4B273FCD}.Debug|Any CPU.Build.0 = Debug|Any CPU
		{130DD64F-9FCC-434F-AB3E-E7EF4B273FCD}.Release|Any CPU.ActiveCfg = Release|Any CPU
		{130DD64F-9FCC-434F-AB3E-E7EF4B273FCD}.Release|Any CPU.Build.0 = Release|Any CPU
	EndGlobalSection
	GlobalSection(SolutionProperties) = preSolution
		HideSolutionNode = FALSE
	EndGlobalSection
	GlobalSection(ExtensibilityGlobals) = postSolution
		SolutionGuid = {E86B3987-84E2-4546-90A3-AEBF0FCA50E3}
	EndGlobalSection
EndGlobal
